// !$*UTF8*$!
{
	archiveVersion = 1;
	classes = {
	};
	objectVersion = 52;
	objects = {

/* Begin PBXBuildFile section */
		B911BC1B25DC67980078DC3F /* AppDelegate.swift in Sources */ = {isa = PBXBuildFile; fileRef = B911BC1A25DC67980078DC3F /* AppDelegate.swift */; };
		B911BC1D25DC67980078DC3F /* SceneDelegate.swift in Sources */ = {isa = PBXBuildFile; fileRef = B911BC1C25DC67980078DC3F /* SceneDelegate.swift */; };
		B911BC1F25DC67980078DC3F /* ContentView.swift in Sources */ = {isa = PBXBuildFile; fileRef = B911BC1E25DC67980078DC3F /* ContentView.swift */; };
		B911BC2125DC67980078DC3F /* Assets.xcassets in Resources */ = {isa = PBXBuildFile; fileRef = B911BC2025DC67980078DC3F /* Assets.xcassets */; };
		B911BC2425DC67980078DC3F /* Preview Assets.xcassets in Resources */ = {isa = PBXBuildFile; fileRef = B911BC2325DC67980078DC3F /* Preview Assets.xcassets */; };
		B911BC2725DC67980078DC3F /* LaunchScreen.storyboard in Resources */ = {isa = PBXBuildFile; fileRef = B911BC2525DC67980078DC3F /* LaunchScreen.storyboard */; };
		B911BC3325DC690B0078DC3F /* PokemonCell.swift in Sources */ = {isa = PBXBuildFile; fileRef = B911BC3225DC690B0078DC3F /* PokemonCell.swift */; };
		B912B25025E2DDCD007AF178 /* PokemonModel.swift in Sources */ = {isa = PBXBuildFile; fileRef = B912B24F25E2DDCD007AF178 /* PokemonModel.swift */; };
		B961C70F25E3F94B00058837 /* PokemonViewModel.swift in Sources */ = {isa = PBXBuildFile; fileRef = B961C70E25E3F94B00058837 /* PokemonViewModel.swift */; };
		B961C71425E445E200058837 /* Kingfisher in Frameworks */ = {isa = PBXBuildFile; productRef = B961C71325E445E200058837 /* Kingfisher */; };
		B9E04A6825E14A4F00D14E3E /* PokedexView.swift in Sources */ = {isa = PBXBuildFile; fileRef = B9E04A6725E14A4F00D14E3E /* PokedexView.swift */; };
/* End PBXBuildFile section */

/* Begin PBXFileReference section */
		B911BC1725DC67980078DC3F /* PokedexSwiftUI.app */ = {isa = PBXFileReference; explicitFileType = wrapper.application; includeInIndex = 0; path = PokedexSwiftUI.app; sourceTree = BUILT_PRODUCTS_DIR; };
		B911BC1A25DC67980078DC3F /* AppDelegate.swift */ = {isa = PBXFileReference; lastKnownFileType = sourcecode.swift; path = AppDelegate.swift; sourceTree = "<group>"; };
		B911BC1C25DC67980078DC3F /* SceneDelegate.swift */ = {isa = PBXFileReference; lastKnownFileType = sourcecode.swift; path = SceneDelegate.swift; sourceTree = "<group>"; };
		B911BC1E25DC67980078DC3F /* ContentView.swift */ = {isa = PBXFileReference; lastKnownFileType = sourcecode.swift; path = ContentView.swift; sourceTree = "<group>"; };
		B911BC2025DC67980078DC3F /* Assets.xcassets */ = {isa = PBXFileReference; lastKnownFileType = folder.assetcatalog; path = Assets.xcassets; sourceTree = "<group>"; };
		B911BC2325DC67980078DC3F /* Preview Assets.xcassets */ = {isa = PBXFileReference; lastKnownFileType = folder.assetcatalog; path = "Preview Assets.xcassets"; sourceTree = "<group>"; };
		B911BC2625DC67980078DC3F /* Base */ = {isa = PBXFileReference; lastKnownFileType = file.storyboard; name = Base; path = Base.lproj/LaunchScreen.storyboard; sourceTree = "<group>"; };
		B911BC2825DC67980078DC3F /* Info.plist */ = {isa = PBXFileReference; lastKnownFileType = text.plist.xml; path = Info.plist; sourceTree = "<group>"; };
		B911BC3225DC690B0078DC3F /* PokemonCell.swift */ = {isa = PBXFileReference; lastKnownFileType = sourcecode.swift; path = PokemonCell.swift; sourceTree = "<group>"; };
		B912B24F25E2DDCD007AF178 /* PokemonModel.swift */ = {isa = PBXFileReference; lastKnownFileType = sourcecode.swift; path = PokemonModel.swift; sourceTree = "<group>"; };
		B961C70E25E3F94B00058837 /* PokemonViewModel.swift */ = {isa = PBXFileReference; lastKnownFileType = sourcecode.swift; path = PokemonViewModel.swift; sourceTree = "<group>"; };
		B9E04A6725E14A4F00D14E3E /* PokedexView.swift */ = {isa = PBXFileReference; lastKnownFileType = sourcecode.swift; path = PokedexView.swift; sourceTree = "<group>"; };
/* End PBXFileReference section */

/* Begin PBXFrameworksBuildPhase section */
		B911BC1425DC67970078DC3F /* Frameworks */ = {
			isa = PBXFrameworksBuildPhase;
			buildActionMask = 2147483647;
			files = (
				B961C71425E445E200058837 /* Kingfisher in Frameworks */,
			);
			runOnlyForDeploymentPostprocessing = 0;
		};
/* End PBXFrameworksBuildPhase section */

/* Begin PBXGroup section */
		B911BC0E25DC67970078DC3F = {
			isa = PBXGroup;
			children = (
				B911BC1925DC67980078DC3F /* PokedexSwiftUI */,
				B911BC1825DC67980078DC3F /* Products */,
			);
			sourceTree = "<group>";
		};
		B911BC1825DC67980078DC3F /* Products */ = {
			isa = PBXGroup;
			children = (
				B911BC1725DC67980078DC3F /* PokedexSwiftUI.app */,
			);
			name = Products;
			sourceTree = "<group>";
		};
		B911BC1925DC67980078DC3F /* PokedexSwiftUI */ = {
			isa = PBXGroup;
			children = (
				B911BC3125DC68660078DC3F /* ViewModel */,
				B911BC3025DC685F0078DC3F /* View */,
				B911BC2F25DC68490078DC3F /* Model */,
				B911BC1A25DC67980078DC3F /* AppDelegate.swift */,
				B911BC1C25DC67980078DC3F /* SceneDelegate.swift */,
				B911BC1E25DC67980078DC3F /* ContentView.swift */,
				B911BC2025DC67980078DC3F /* Assets.xcassets */,
				B911BC2525DC67980078DC3F /* LaunchScreen.storyboard */,
				B911BC2825DC67980078DC3F /* Info.plist */,
				B911BC2225DC67980078DC3F /* Preview Content */,
			);
			path = PokedexSwiftUI;
			sourceTree = "<group>";
		};
		B911BC2225DC67980078DC3F /* Preview Content */ = {
			isa = PBXGroup;
			children = (
				B911BC2325DC67980078DC3F /* Preview Assets.xcassets */,
			);
			path = "Preview Content";
			sourceTree = "<group>";
		};
		B911BC2F25DC68490078DC3F /* Model */ = {
			isa = PBXGroup;
			children = (
				B912B24F25E2DDCD007AF178 /* PokemonModel.swift */,
			);
			path = Model;
			sourceTree = "<group>";
		};
		B911BC3025DC685F0078DC3F /* View */ = {
			isa = PBXGroup;
			children = (
				B911BC3225DC690B0078DC3F /* PokemonCell.swift */,
				B9E04A6725E14A4F00D14E3E /* PokedexView.swift */,
			);
			path = View;
			sourceTree = "<group>";
		};
		B911BC3125DC68660078DC3F /* ViewModel */ = {
			isa = PBXGroup;
			children = (
				B961C70E25E3F94B00058837 /* PokemonViewModel.swift */,
			);
			path = ViewModel;
			sourceTree = "<group>";
		};
/* End PBXGroup section */

/* Begin PBXNativeTarget section */
		B911BC1625DC67970078DC3F /* PokedexSwiftUI */ = {
			isa = PBXNativeTarget;
			buildConfigurationList = B911BC2B25DC67980078DC3F /* Build configuration list for PBXNativeTarget "PokedexSwiftUI" */;
			buildPhases = (
				B911BC1325DC67970078DC3F /* Sources */,
				B911BC1425DC67970078DC3F /* Frameworks */,
				B911BC1525DC67970078DC3F /* Resources */,
			);
			buildRules = (
			);
			dependencies = (
			);
			name = PokedexSwiftUI;
			packageProductDependencies = (
				B961C71325E445E200058837 /* Kingfisher */,
			);
			productName = PokedexSwiftUI;
			productReference = B911BC1725DC67980078DC3F /* PokedexSwiftUI.app */;
			productType = "com.apple.product-type.application";
		};
/* End PBXNativeTarget section */

/* Begin PBXProject section */
		B911BC0F25DC67970078DC3F /* Project object */ = {
			isa = PBXProject;
			attributes = {
				LastSwiftUpdateCheck = 1230;
				LastUpgradeCheck = 1230;
				TargetAttributes = {
					B911BC1625DC67970078DC3F = {
						CreatedOnToolsVersion = 12.3;
					};
				};
			};
			buildConfigurationList = B911BC1225DC67970078DC3F /* Build configuration list for PBXProject "PokedexSwiftUI" */;
			compatibilityVersion = "Xcode 9.3";
			developmentRegion = en;
			hasScannedForEncodings = 0;
			knownRegions = (
				en,
				Base,
			);
			mainGroup = B911BC0E25DC67970078DC3F;
			packageReferences = (
				B961C71225E445E200058837 /* XCRemoteSwiftPackageReference "Kingfisher" */,
			);
			productRefGroup = B911BC1825DC67980078DC3F /* Products */;
			projectDirPath = "";
			projectRoot = "";
			targets = (
				B911BC1625DC67970078DC3F /* PokedexSwiftUI */,
			);
		};
/* End PBXProject section */

/* Begin PBXResourcesBuildPhase section */
		B911BC1525DC67970078DC3F /* Resources */ = {
			isa = PBXResourcesBuildPhase;
			buildActionMask = 2147483647;
			files = (
				B911BC2725DC67980078DC3F /* LaunchScreen.storyboard in Resources */,
				B911BC2425DC67980078DC3F /* Preview Assets.xcassets in Resources */,
				B911BC2125DC67980078DC3F /* Assets.xcassets in Resources */,
			);
			runOnlyForDeploymentPostprocessing = 0;
		};
/* End PBXResourcesBuildPhase section */

/* Begin PBXSourcesBuildPhase section */
		B911BC1325DC67970078DC3F /* Sources */ = {
			isa = PBXSourcesBuildPhase;
			buildActionMask = 2147483647;
			files = (
				B911BC1B25DC67980078DC3F /* AppDelegate.swift in Sources */,
				B912B25025E2DDCD007AF178 /* PokemonModel.swift in Sources */,
				B911BC3325DC690B0078DC3F /* PokemonCell.swift in Sources */,
				B961C70F25E3F94B00058837 /* PokemonViewModel.swift in Sources */,
				B9E04A6825E14A4F00D14E3E /* PokedexView.swift in Sources */,
				B911BC1D25DC67980078DC3F /* SceneDelegate.swift in Sources */,
				B911BC1F25DC67980078DC3F /* ContentView.swift in Sources */,
			);
			runOnlyForDeploymentPostprocessing = 0;
		};
/* End PBXSourcesBuildPhase section */

/* Begin PBXVariantGroup section */
		B911BC2525DC67980078DC3F /* LaunchScreen.storyboard */ = {
			isa = PBXVariantGroup;
			children = (
				B911BC2625DC67980078DC3F /* Base */,
			);
			name = LaunchScreen.storyboard;
			sourceTree = "<group>";
		};
/* End PBXVariantGroup section */

/* Begin XCBuildConfiguration section */
		B911BC2925DC67980078DC3F /* Debug */ = {
			isa = XCBuildConfiguration;
			buildSettings = {
				ALWAYS_SEARCH_USER_PATHS = NO;
				CLANG_ANALYZER_NONNULL = YES;
				CLANG_ANALYZER_NUMBER_OBJECT_CONVERSION = YES_AGGRESSIVE;
				CLANG_CXX_LANGUAGE_STANDARD = "gnu++14";
				CLANG_CXX_LIBRARY = "libc++";
				CLANG_ENABLE_MODULES = YES;
				CLANG_ENABLE_OBJC_ARC = YES;
				CLANG_ENABLE_OBJC_WEAK = YES;
				CLANG_WARN_BLOCK_CAPTURE_AUTORELEASING = YES;
				CLANG_WARN_BOOL_CONVERSION = YES;
				CLANG_WARN_COMMA = YES;
				CLANG_WARN_CONSTANT_CONVERSION = YES;
				CLANG_WARN_DEPRECATED_OBJC_IMPLEMENTATIONS = YES;
				CLANG_WARN_DIRECT_OBJC_ISA_USAGE = YES_ERROR;
				CLANG_WARN_DOCUMENTATION_COMMENTS = YES;
				CLANG_WARN_EMPTY_BODY = YES;
				CLANG_WARN_ENUM_CONVERSION = YES;
				CLANG_WARN_INFINITE_RECURSION = YES;
				CLANG_WARN_INT_CONVERSION = YES;
				CLANG_WARN_NON_LITERAL_NULL_CONVERSION = YES;
				CLANG_WARN_OBJC_IMPLICIT_RETAIN_SELF = YES;
				CLANG_WARN_OBJC_LITERAL_CONVERSION = YES;
				CLANG_WARN_OBJC_ROOT_CLASS = YES_ERROR;
				CLANG_WARN_QUOTED_INCLUDE_IN_FRAMEWORK_HEADER = YES;
				CLANG_WARN_RANGE_LOOP_ANALYSIS = YES;
				CLANG_WARN_STRICT_PROTOTYPES = YES;
				CLANG_WARN_SUSPICIOUS_MOVE = YES;
				CLANG_WARN_UNGUARDED_AVAILABILITY = YES_AGGRESSIVE;
				CLANG_WARN_UNREACHABLE_CODE = YES;
				CLANG_WARN__DUPLICATE_METHOD_MATCH = YES;
				COPY_PHASE_STRIP = NO;
				DEBUG_INFORMATION_FORMAT = dwarf;
				ENABLE_STRICT_OBJC_MSGSEND = YES;
				ENABLE_TESTABILITY = YES;
				GCC_C_LANGUAGE_STANDARD = gnu11;
				GCC_DYNAMIC_NO_PIC = NO;
				GCC_NO_COMMON_BLOCKS = YES;
				GCC_OPTIMIZATION_LEVEL = 0;
				GCC_PREPROCESSOR_DEFINITIONS = (
					"DEBUG=1",
					"$(inherited)",
				);
				GCC_WARN_64_TO_32_BIT_CONVERSION = YES;
				GCC_WARN_ABOUT_RETURN_TYPE = YES_ERROR;
				GCC_WARN_UNDECLARED_SELECTOR = YES;
				GCC_WARN_UNINITIALIZED_AUTOS = YES_AGGRESSIVE;
				GCC_WARN_UNUSED_FUNCTION = YES;
				GCC_WARN_UNUSED_VARIABLE = YES;
				IPHONEOS_DEPLOYMENT_TARGET = 14.3;
				MTL_ENABLE_DEBUG_INFO = INCLUDE_SOURCE;
				MTL_FAST_MATH = YES;
				ONLY_ACTIVE_ARCH = YES;
				SDKROOT = iphoneos;
				SWIFT_ACTIVE_COMPILATION_CONDITIONS = DEBUG;
				SWIFT_OPTIMIZATION_LEVEL = "-Onone";
			};
			name = Debug;
		};
		B911BC2A25DC67980078DC3F /* Release */ = {
			isa = XCBuildConfiguration;
			buildSettings = {
				ALWAYS_SEARCH_USER_PATHS = NO;
				CLANG_ANALYZER_NONNULL = YES;
				CLANG_ANALYZER_NUMBER_OBJECT_CONVERSION = YES_AGGRESSIVE;
				CLANG_CXX_LANGUAGE_STANDARD = "gnu++14";
				CLANG_CXX_LIBRARY = "libc++";
				CLANG_ENABLE_MODULES = YES;
				CLANG_ENABLE_OBJC_ARC = YES;
				CLANG_ENABLE_OBJC_WEAK = YES;
				CLANG_WARN_BLOCK_CAPTURE_AUTORELEASING = YES;
				CLANG_WARN_BOOL_CONVERSION = YES;
				CLANG_WARN_COMMA = YES;
				CLANG_WARN_CONSTANT_CONVERSION = YES;
				CLANG_WARN_DEPRECATED_OBJC_IMPLEMENTATIONS = YES;
				CLANG_WARN_DIRECT_OBJC_ISA_USAGE = YES_ERROR;
				CLANG_WARN_DOCUMENTATION_COMMENTS = YES;
				CLANG_WARN_EMPTY_BODY = YES;
				CLANG_WARN_ENUM_CONVERSION = YES;
				CLANG_WARN_INFINITE_RECURSION = YES;
				CLANG_WARN_INT_CONVERSION = YES;
				CLANG_WARN_NON_LITERAL_NULL_CONVERSION = YES;
				CLANG_WARN_OBJC_IMPLICIT_RETAIN_SELF = YES;
				CLANG_WARN_OBJC_LITERAL_CONVERSION = YES;
				CLANG_WARN_OBJC_ROOT_CLASS = YES_ERROR;
				CLANG_WARN_QUOTED_INCLUDE_IN_FRAMEWORK_HEADER = YES;
				CLANG_WARN_RANGE_LOOP_ANALYSIS = YES;
				CLANG_WARN_STRICT_PROTOTYPES = YES;
				CLANG_WARN_SUSPICIOUS_MOVE = YES;
				CLANG_WARN_UNGUARDED_AVAILABILITY = YES_AGGRESSIVE;
				CLANG_WARN_UNREACHABLE_CODE = YES;
				CLANG_WARN__DUPLICATE_METHOD_MATCH = YES;
				COPY_PHASE_STRIP = NO;
				DEBUG_INFORMATION_FORMAT = "dwarf-with-dsym";
				ENABLE_NS_ASSERTIONS = NO;
				ENABLE_STRICT_OBJC_MSGSEND = YES;
				GCC_C_LANGUAGE_STANDARD = gnu11;
				GCC_NO_COMMON_BLOCKS = YES;
				GCC_WARN_64_TO_32_BIT_CONVERSION = YES;
				GCC_WARN_ABOUT_RETURN_TYPE = YES_ERROR;
				GCC_WARN_UNDECLARED_SELECTOR = YES;
				GCC_WARN_UNINITIALIZED_AUTOS = YES_AGGRESSIVE;
				GCC_WARN_UNUSED_FUNCTION = YES;
				GCC_WARN_UNUSED_VARIABLE = YES;
				IPHONEOS_DEPLOYMENT_TARGET = 14.3;
				MTL_ENABLE_DEBUG_INFO = NO;
				MTL_FAST_MATH = YES;
				SDKROOT = iphoneos;
				SWIFT_COMPILATION_MODE = wholemodule;
				SWIFT_OPTIMIZATION_LEVEL = "-O";
				VALIDATE_PRODUCT = YES;
			};
			name = Release;
		};
		B911BC2C25DC67980078DC3F /* Debug */ = {
			isa = XCBuildConfiguration;
			buildSettings = {
				ASSETCATALOG_COMPILER_APPICON_NAME = AppIcon;
				ASSETCATALOG_COMPILER_GLOBAL_ACCENT_COLOR_NAME = AccentColor;
				CODE_SIGN_STYLE = Automatic;
				DEVELOPMENT_ASSET_PATHS = "\"PokedexSwiftUI/Preview Content\"";
				DEVELOPMENT_TEAM = WKZGS852Y3;
				ENABLE_PREVIEWS = YES;
				INFOPLIST_FILE = PokedexSwiftUI/Info.plist;
				LD_RUNPATH_SEARCH_PATHS = (
					"$(inherited)",
					"@executable_path/Frameworks",
				);
				PRODUCT_BUNDLE_IDENTIFIER = com.demirhanoguz.PokedexSwiftUI;
				PRODUCT_NAME = "$(TARGET_NAME)";
				SWIFT_VERSION = 5.0;
				TARGETED_DEVICE_FAMILY = "1,2";
			};
			name = Debug;
		};
		B911BC2D25DC67980078DC3F /* Release */ = {
			isa = XCBuildConfiguration;
			buildSettings = {
				ASSETCATALOG_COMPILER_APPICON_NAME = AppIcon;
				ASSETCATALOG_COMPILER_GLOBAL_ACCENT_COLOR_NAME = AccentColor;
				CODE_SIGN_STYLE = Automatic;
				DEVELOPMENT_ASSET_PATHS = "\"PokedexSwiftUI/Preview Content\"";
				DEVELOPMENT_TEAM = WKZGS852Y3;
				ENABLE_PREVIEWS = YES;
				INFOPLIST_FILE = PokedexSwiftUI/Info.plist;
				LD_RUNPATH_SEARCH_PATHS = (
					"$(inherited)",
					"@executable_path/Frameworks",
				);
				PRODUCT_BUNDLE_IDENTIFIER = com.demirhanoguz.PokedexSwiftUI;
				PRODUCT_NAME = "$(TARGET_NAME)";
				SWIFT_VERSION = 5.0;
				TARGETED_DEVICE_FAMILY = "1,2";
			};
			name = Release;
		};
/* End XCBuildConfiguration section */

/* Begin XCConfigurationList section */
		B911BC1225DC67970078DC3F /* Build configuration list for PBXProject "PokedexSwiftUI" */ = {
			isa = XCConfigurationList;
			buildConfigurations = (
				B911BC2925DC67980078DC3F /* Debug */,
				B911BC2A25DC67980078DC3F /* Release */,
			);
			defaultConfigurationIsVisible = 0;
			defaultConfigurationName = Release;
		};
		B911BC2B25DC67980078DC3F /* Build configuration list for PBXNativeTarget "PokedexSwiftUI" */ = {
			isa = XCConfigurationList;
			buildConfigurations = (
				B911BC2C25DC67980078DC3F /* Debug */,
				B911BC2D25DC67980078DC3F /* Release */,
			);
			defaultConfigurationIsVisible = 0;
			defaultConfigurationName = Release;
		};
/* End XCConfigurationList section */

/* Begin XCRemoteSwiftPackageReference section */
		B961C71225E445E200058837 /* XCRemoteSwiftPackageReference "Kingfisher" */ = {
			isa = XCRemoteSwiftPackageReference;
			repositoryURL = "https://github.com/onevcat/Kingfisher";
			requirement = {
				kind = upToNextMajorVersion;
				minimumVersion = 6.1.1;
			};
		};
/* End XCRemoteSwiftPackageReference section */

/* Begin XCSwiftPackageProductDependency section */
		B961C71325E445E200058837 /* Kingfisher */ = {
			isa = XCSwiftPackageProductDependency;
			package = B961C71225E445E200058837 /* XCRemoteSwiftPackageReference "Kingfisher" */;
			productName = Kingfisher;
		};
/* End XCSwiftPackageProductDependency section */
	};
	rootObject = B911BC0F25DC67970078DC3F /* Project object */;
}
